
Microsoft Visual Studio Solution File, Format Version 12.00
# Visual Studio 15
VisualStudioVersion = 15.0.27428.2037
MinimumVisualStudioVersion = 10.0.40219.1
Project("{FAE04EC0-301F-11D3-BF4B-00C04F79EFBC}") = "Entidades", "Entidades\Entidades.csproj", "{7D051A76-EA54-4EBC-A40E-FC38B47D2A4D}"
EndProject
Project("{FAE04EC0-301F-11D3-BF4B-00C04F79EFBC}") = "LaCalculadora", "LaCalculadora\LaCalculadora.csproj", "{44D324AE-71F1-455D-B56E-7FDE8F62E779}"
EndProject
Global
	GlobalSection(SolutionConfigurationPlatforms) = preSolution
		Debug|Any CPU = Debug|Any CPU
		Release|Any CPU = Release|Any CPU
	EndGlobalSection
	GlobalSection(ProjectConfigurationPlatforms) = postSolution
		{7D051A76-EA54-4EBC-A40E-FC38B47D2A4D}.Debug|Any CPU.ActiveCfg = Debug|Any CPU
		{7D051A76-EA54-4EBC-A40E-FC38B47D2A4D}.Debug|Any CPU.Build.0 = Debug|Any CPU
		{7D051A76-EA54-4EBC-A40E-FC38B47D2A4D}.Release|Any CPU.ActiveCfg = Release|Any CPU
		{7D051A76-EA54-4EBC-A40E-FC38B47D2A4D}.Release|Any CPU.Build.0 = Release|Any CPU
		{44D324AE-71F1-455D-B56E-7FDE8F62E779}.Debug|Any CPU.ActiveCfg = Debug|Any CPU
		{44D324AE-71F1-455D-B56E-7FDE8F62E779}.Debug|Any CPU.Build.0 = Debug|Any CPU
		{44D324AE-71F1-455D-B56E-7FDE8F62E779}.Release|Any CPU.ActiveCfg = Release|Any CPU
		{44D324AE-71F1-455D-B56E-7FDE8F62E779}.Release|Any CPU.Build.0 = Release|Any CPU
	EndGlobalSection
	GlobalSection(SolutionProperties) = preSolution
		HideSolutionNode = FALSE
	EndGlobalSection
	GlobalSection(ExtensibilityGlobals) = postSolution
		SolutionGuid = {3817DD35-A900-49CA-81FF-9EECB3A7FA05}
	EndGlobalSection
EndGlobal
